
Microsoft Visual Studio Solution File, Format Version 12.00
# Visual Studio Version 17
VisualStudioVersion = 17.5.002.0
MinimumVisualStudioVersion = 10.0.40219.1
Project("{9A19103F-16F7-4668-BE54-9A1E7A4F7556}") = "StudyApi_Front", "StudyApi_Front.csproj", "{A953D50F-5528-4943-8C82-D3D72FE15D4F}"
EndProject
Global
	GlobalSection(SolutionConfigurationPlatforms) = preSolution
		Debug|Any CPU = Debug|Any CPU
		Release|Any CPU = Release|Any CPU
	EndGlobalSection
	GlobalSection(ProjectConfigurationPlatforms) = postSolution
		{A953D50F-5528-4943-8C82-D3D72FE15D4F}.Debug|Any CPU.ActiveCfg = Debug|Any CPU
		{A953D50F-5528-4943-8C82-D3D72FE15D4F}.Debug|Any CPU.Build.0 = Debug|Any CPU
		{A953D50F-5528-4943-8C82-D3D72FE15D4F}.Release|Any CPU.ActiveCfg = Release|Any CPU
		{A953D50F-5528-4943-8C82-D3D72FE15D4F}.Release|Any CPU.Build.0 = Release|Any CPU
	EndGlobalSection
	GlobalSection(SolutionProperties) = preSolution
		HideSolutionNode = FALSE
	EndGlobalSection
	GlobalSection(ExtensibilityGlobals) = postSolution
		SolutionGuid = {C357F136-5BCD-46FE-B80F-14D32567D743}
	EndGlobalSection
EndGlobal
